<?xml version="1.0" encoding="UTF-8"?>
<CodeBlocks_project_file>
	<FileVersion major="1" minor="6"/>
	<Project>
		<Option title="Goku"/>
		<Option makefile_is_custom="1"/>
		<Option compiler="gcc"/>
		<Option virtualFolders="CMake Files\;CMake Files\cmake_modules\;"/>
		<Build>
			<Target title="all">
				<Option working_dir="/home/francesco/CLionProject/Goku"/>
				<Option type="4"/>
				<MakeCommands>
					<Build command="/usr/bin/make -j4 -f &quot;/home/francesco/CLionProject/Goku/Makefile&quot;  VERBOSE=1 all"/>
					<CompileFile command="/usr/bin/make -j4 -f &quot;/home/francesco/CLionProject/Goku/Makefile&quot;  VERBOSE=1 &quot;$file&quot;"/>
					<Clean command="/usr/bin/make -j4 -f &quot;/home/francesco/CLionProject/Goku/Makefile&quot;  VERBOSE=1 clean"/>
					<DistClean command="/usr/bin/make -j4 -f &quot;/home/francesco/CLionProject/Goku/Makefile&quot;  VERBOSE=1 clean"/>
				</MakeCommands>
			</Target>
			<Target title="rebuild_cache">
				<Option working_dir="/home/francesco/CLionProject/Goku"/>
				<Option type="4"/>
				<MakeCommands>
					<Build command="/usr/bin/make -j4 -f &quot;/home/francesco/CLionProject/Goku/Makefile&quot;  VERBOSE=1 rebuild_cache"/>
					<CompileFile command="/usr/bin/make -j4 -f &quot;/home/francesco/CLionProject/Goku/Makefile&quot;  VERBOSE=1 &quot;$file&quot;"/>
					<Clean command="/usr/bin/make -j4 -f &quot;/home/francesco/CLionProject/Goku/Makefile&quot;  VERBOSE=1 clean"/>
					<DistClean command="/usr/bin/make -j4 -f &quot;/home/francesco/CLionProject/Goku/Makefile&quot;  VERBOSE=1 clean"/>
				</MakeCommands>
			</Target>
			<Target title="edit_cache">
				<Option working_dir="/home/francesco/CLionProject/Goku"/>
				<Option type="4"/>
				<MakeCommands>
					<Build command="/usr/bin/make -j4 -f &quot;/home/francesco/CLionProject/Goku/Makefile&quot;  VERBOSE=1 edit_cache"/>
					<CompileFile command="/usr/bin/make -j4 -f &quot;/home/francesco/CLionProject/Goku/Makefile&quot;  VERBOSE=1 &quot;$file&quot;"/>
					<Clean command="/usr/bin/make -j4 -f &quot;/home/francesco/CLionProject/Goku/Makefile&quot;  VERBOSE=1 clean"/>
					<DistClean command="/usr/bin/make -j4 -f &quot;/home/francesco/CLionProject/Goku/Makefile&quot;  VERBOSE=1 clean"/>
				</MakeCommands>
			</Target>
			<Target title="Goku">
				<Option output="/home/francesco/CLionProject/Goku/Goku" prefix_auto="0" extension_auto="0"/>
				<Option working_dir="/home/francesco/CLionProject/Goku"/>
				<Option object_output="./"/>
				<Option type="1"/>
				<Option compiler="gcc"/>
				<Compiler>
					<Add directory="/usr/include/c++/5"/>
					<Add directory="/usr/include/x86_64-linux-gnu/c++/5"/>
					<Add directory="/usr/include/c++/5/backward"/>
					<Add directory="/usr/lib/gcc/x86_64-linux-gnu/5/include"/>
					<Add directory="/usr/local/include"/>
					<Add directory="/usr/lib/gcc/x86_64-linux-gnu/5/include-fixed"/>
					<Add directory="/usr/include/x86_64-linux-gnu"/>
					<Add directory="/usr/include"/>
				</Compiler>
				<MakeCommands>
					<Build command="/usr/bin/make -j4 -f &quot;/home/francesco/CLionProject/Goku/Makefile&quot;  VERBOSE=1 Goku"/>
					<CompileFile command="/usr/bin/make -j4 -f &quot;/home/francesco/CLionProject/Goku/Makefile&quot;  VERBOSE=1 &quot;$file&quot;"/>
					<Clean command="/usr/bin/make -j4 -f &quot;/home/francesco/CLionProject/Goku/Makefile&quot;  VERBOSE=1 clean"/>
					<DistClean command="/usr/bin/make -j4 -f &quot;/home/francesco/CLionProject/Goku/Makefile&quot;  VERBOSE=1 clean"/>
				</MakeCommands>
			</Target>
			<Target title="Goku/fast">
				<Option output="/home/francesco/CLionProject/Goku/Goku" prefix_auto="0" extension_auto="0"/>
				<Option working_dir="/home/francesco/CLionProject/Goku"/>
				<Option object_output="./"/>
				<Option type="1"/>
				<Option compiler="gcc"/>
				<Compiler>
					<Add directory="/usr/include/c++/5"/>
					<Add directory="/usr/include/x86_64-linux-gnu/c++/5"/>
					<Add directory="/usr/include/c++/5/backward"/>
					<Add directory="/usr/lib/gcc/x86_64-linux-gnu/5/include"/>
					<Add directory="/usr/local/include"/>
					<Add directory="/usr/lib/gcc/x86_64-linux-gnu/5/include-fixed"/>
					<Add directory="/usr/include/x86_64-linux-gnu"/>
					<Add directory="/usr/include"/>
				</Compiler>
				<MakeCommands>
					<Build command="/usr/bin/make -j4 -f &quot;/home/francesco/CLionProject/Goku/Makefile&quot;  VERBOSE=1 Goku/fast"/>
					<CompileFile command="/usr/bin/make -j4 -f &quot;/home/francesco/CLionProject/Goku/Makefile&quot;  VERBOSE=1 &quot;$file&quot;"/>
					<Clean command="/usr/bin/make -j4 -f &quot;/home/francesco/CLionProject/Goku/Makefile&quot;  VERBOSE=1 clean"/>
					<DistClean command="/usr/bin/make -j4 -f &quot;/home/francesco/CLionProject/Goku/Makefile&quot;  VERBOSE=1 clean"/>
				</MakeCommands>
			</Target>
		</Build>
		<Unit filename="/home/francesco/CLionProject/Goku/Animation.cpp">
			<Option target="Goku"/>
		</Unit>
		<Unit filename="/home/francesco/CLionProject/Goku/Animation.h">
			<Option target="Goku"/>
		</Unit>
		<Unit filename="/home/francesco/CLionProject/Goku/Game.cpp">
			<Option target="Goku"/>
		</Unit>
		<Unit filename="/home/francesco/CLionProject/Goku/Game.h">
			<Option target="Goku"/>
		</Unit>
		<Unit filename="/home/francesco/CLionProject/Goku/Goku.cpp">
			<Option target="Goku"/>
		</Unit>
		<Unit filename="/home/francesco/CLionProject/Goku/Goku.h">
			<Option target="Goku"/>
		</Unit>
		<Unit filename="/home/francesco/CLionProject/Goku/Window.cpp">
			<Option target="Goku"/>
		</Unit>
		<Unit filename="/home/francesco/CLionProject/Goku/Window.h">
			<Option target="Goku"/>
		</Unit>
		<Unit filename="/home/francesco/CLionProject/Goku/main.cpp">
			<Option target="Goku"/>
		</Unit>
		<Unit filename="/home/francesco/CLionProject/Goku/CMakeLists.txt">
			<Option virtualFolder="CMake Files\"/>
		</Unit>
		<Unit filename="/home/francesco/CLionProject/Goku/cmake_modules/FindSFML.cmake">
			<Option virtualFolder="CMake Files\cmake_modules\"/>
		</Unit>
	</Project>
</CodeBlocks_project_file>
